de/calendar 859da2f9ee2d49c2633bd98889b6c0ffa069302f187f735b54f4fcba2ac78037-w960-q80
de/calendar_detail 9b76d666e6bd58faed08d112a163412f018429ac47458cf6a624238a3d1c89d8-w960-q80
de/checkIns 3a9791436970ad0b2e893f897d2f9ae91ba0352bde24850c58ce10edf3d69022-w960-q80
de/home_1 d1e7005eedddb40bad254a8b2341954337cd5ab9de5baf931ab3c427fbdb4364-w960-q80
de/home_2 d93aadfdde8f4e1303a68f7a7fbc28e5de4c40223f725c28c0ce4bb7b6599970-w960-q80
de/home_3 08510ac95af5551fca4f7ec59c077da38361aabbb3dc2925307bf743a49e8e87-w960-q80
de/partner 5ed46e4edf5aa714d613bf66d7b440738749e113a7cb20c696b720c8d4b36c44-w960-q80
de/reminders 7ddd0b6f763aa18c26743b011b1e7a7e5dd35949205c86ad1812c491c6b8ec00-w960-q80
en/calendar a4e83e5fd8ece2930e18e4a5d5a36e39f6900348c6436f1eb41d362ec7efe827-w960-q80
en/calendar_detail f46890b274d1438f3ff0685c676dbf851adf2908b52affad8d8b45b5b465de62-w960-q80
en/checkIns 98d498e113646efe0dcfdea20a2b856ba7de2f8d3caad058965841d906931bb1-w960-q80
en/home_1 b1a2088ae0af7387b68240711ec130bea8293160abc227ed006a972964e5f492-w960-q80
en/home_2 2f89738cd47c1d6728d950f16e46edfe7fb5d92c720b9243bc43bf452f5f4513-w960-q80
en/home_3 1a160e11dc5a833abe8f0c8e265dd59508c42fc3118914d3447250cb32f3a578-w960-q80
en/partner 6bdb24a7ebbc747fd5ad21c2fec797fc2c663d321e9956ca8813005035f8c3d5-w960-q80
en/reminders 213e9285822fd88fe1ddfe092c5ee0c59986ae435f1020fd6e4377b41b1034e6-w960-q80
